
Microsoft Visual Studio Solution File, Format Version 12.00
# Visual Studio Version 17
VisualStudioVersion = 17.9.34622.214
MinimumVisualStudioVersion = 10.0.40219.1
Project("{FAE04EC0-301F-11D3-BF4B-00C04F79EFBC}") = "Ex. 1", "Ex. 1\Ex. 1.csproj", "{63DB0313-431A-4CBD-AA1A-D37A60141F73}"
EndProject
Global
	GlobalSection(SolutionConfigurationPlatforms) = preSolution
		Debug|Any CPU = Debug|Any CPU
		Release|Any CPU = Release|Any CPU
	EndGlobalSection
	GlobalSection(ProjectConfigurationPlatforms) = postSolution
		{63DB0313-431A-4CBD-AA1A-D37A60141F73}.Debug|Any CPU.ActiveCfg = Debug|Any CPU
		{63DB0313-431A-4CBD-AA1A-D37A60141F73}.Debug|Any CPU.Build.0 = Debug|Any CPU
		{63DB0313-431A-4CBD-AA1A-D37A60141F73}.Release|Any CPU.ActiveCfg = Release|Any CPU
		{63DB0313-431A-4CBD-AA1A-D37A60141F73}.Release|Any CPU.Build.0 = Release|Any CPU
	EndGlobalSection
	GlobalSection(SolutionProperties) = preSolution
		HideSolutionNode = FALSE
	EndGlobalSection
	GlobalSection(ExtensibilityGlobals) = postSolution
		SolutionGuid = {49AE7F81-7951-486E-BA5C-A1078F1EF668}
	EndGlobalSection
EndGlobal
